{
    "_readme": [
        "This file locks the dependencies of your project to a known state",
        "Read more about it at https://getcomposer.org/doc/01-basic-usage.md#composer-lock-the-lock-file",
        "This file is @generated automatically"
    ],
    "hash": "1ab6cc9d1be4c8701b5b7e53c490ae0c",
    "content-hash": "e0ea0ab572c8cdb0af6d1de2836b89db",
    "packages": [
        {
            "name": "in2pire/cli",
            "version": "1.9.0",
            "target-dir": "In2pire/Cli",
            "source": {
                "type": "git",
                "url": "https://github.com/in2pire/in2pire-cli.git",
                "reference": "26d2d2cf440931f564d3c8ced9ab3a8357f4381f"
            },
            "dist": {
                "type": "zip",
                "url": "https://api.github.com/repos/in2pire/in2pire-cli/zipball/26d2d2cf440931f564d3c8ced9ab3a8357f4381f",
                "reference": "26d2d2cf440931f564d3c8ced9ab3a8357f4381f",
                "shasum": ""
            },
            "require": {
                "in2pire/utility": ">=1.0.3",
                "php": ">=5.4",
                "symfony/console": "2.7.x",
                "symfony/yaml": "2.7.x"
            },
            "suggest": {
                "in2pire/cli-compiler": "IN2PIRE CLI Compiler"
            },
            "type": "library",
            "autoload": {
                "psr-0": {
                    "In2pire\\Cli\\": ""
                }
            },
            "notification-url": "https://packagist.org/downloads/",
            "license": [
                "MIT"
            ],
            "authors": [
                {
                    "name": "Nhat Tran",
                    "email": "nhat.tran@inspire.vn",
                    "homepage": "http://inspire.vn",
                    "role": "Founder"
                }
            ],
            "description": "IN2PIRE CLI Framework",
            "keywords": [
                "cli",
                "console",
                "in2pire",
                "inspire"
            ],
            "time": "2016-10-14 07:32:21"
        },
        {
            "name": "in2pire/utility",
            "version": "1.0.3",
            "target-dir": "In2pire/Component/Utility",
            "source": {
                "type": "git",
                "url": "https://github.com/in2pire/in2pire-utility.git",
                "reference": "def4074504196694cbee3486d5f1a2ec457ab727"
            },
            "dist": {
                "type": "zip",
                "url": "https://api.github.com/repos/in2pire/in2pire-utility/zipball/def4074504196694cbee3486d5f1a2ec457ab727",
                "reference": "def4074504196694cbee3486d5f1a2ec457ab727",
                "shasum": ""
            },
            "require": {
                "php": ">=5.4"
            },
            "type": "library",
            "autoload": {
                "psr-0": {
                    "In2pire\\Component\\Utility\\": ""
                }
            },
            "notification-url": "https://packagist.org/downloads/",
            "license": [
                "MIT"
            ],
            "authors": [
                {
                    "name": "Nhat Tran",
                    "email": "nhat.tran@inspire.vn",
                    "homepage": "http://inspire.vn",
                    "role": "Founder"
                }
            ],
            "description": "IN2PIRE Utilities",
            "keywords": [
                "in2pire",
                "inspire",
                "utilities"
            ],
            "time": "2016-10-14 07:25:32"
        },
        {
            "name": "psr/log",
            "version": "1.0.2",
            "source": {
                "type": "git",
                "url": "https://github.com/php-fig/log.git",
                "reference": "4ebe3a8bf773a19edfe0a84b6585ba3d401b724d"
            },
            "dist": {
                "type": "zip",
                "url": "https://api.github.com/repos/php-fig/log/zipball/4ebe3a8bf773a19edfe0a84b6585ba3d401b724d",
                "reference": "4ebe3a8bf773a19edfe0a84b6585ba3d401b724d",
                "shasum": ""
            },
            "require": {
                "php": ">=5.3.0"
            },
            "type": "library",
            "extra": {
                "branch-alias": {
                    "dev-master": "1.0.x-dev"
                }
            },
            "autoload": {
                "psr-4": {
                    "Psr\\Log\\": "Psr/Log/"
                }
            },
            "notification-url": "https://packagist.org/downloads/",
            "license": [
                "MIT"
            ],
            "authors": [
                {
                    "name": "PHP-FIG",
                    "homepage": "http://www.php-fig.org/"
                }
            ],
            "description": "Common interface for logging libraries",
            "homepage": "https://github.com/php-fig/log",
            "keywords": [
                "log",
                "psr",
                "psr-3"
            ],
            "time": "2016-10-10 12:19:37"
        },
        {
            "name": "seld/jsonlint",
            "version": "1.4.1",
            "source": {
                "type": "git",
                "url": "https://github.com/Seldaek/jsonlint.git",
                "reference": "e827b5254d3e58c736ea2c5616710983d80b0b70"
            },
            "dist": {
                "type": "zip",
                "url": "https://api.github.com/repos/Seldaek/jsonlint/zipball/e827b5254d3e58c736ea2c5616710983d80b0b70",
                "reference": "e827b5254d3e58c736ea2c5616710983d80b0b70",
                "shasum": ""
            },
            "require": {
                "php": "^5.3 || ^7.0"
            },
            "bin": [
                "bin/jsonlint"
            ],
            "type": "library",
            "autoload": {
                "psr-4": {
                    "Seld\\JsonLint\\": "src/Seld/JsonLint/"
                }
            },
            "notification-url": "https://packagist.org/downloads/",
            "license": [
                "MIT"
            ],
            "authors": [
                {
                    "name": "Jordi Boggiano",
                    "email": "j.boggiano@seld.be",
                    "homepage": "http://seld.be"
                }
            ],
            "description": "JSON Linter",
            "keywords": [
                "json",
                "linter",
                "parser",
                "validator"
            ],
            "time": "2016-09-14 15:17:56"
        },
        {
            "name": "symfony/console",
            "version": "v2.7.19",
            "source": {
                "type": "git",
                "url": "https://github.com/symfony/console.git",
                "reference": "91a8fb9f91aeb00caaeab95818063e3a96bff9e2"
            },
            "dist": {
                "type": "zip",
                "url": "https://api.github.com/repos/symfony/console/zipball/91a8fb9f91aeb00caaeab95818063e3a96bff9e2",
                "reference": "91a8fb9f91aeb00caaeab95818063e3a96bff9e2",
                "shasum": ""
            },
            "require": {
                "php": ">=5.3.9",
                "symfony/debug": "~2.7,>=2.7.2"
            },
            "require-dev": {
                "psr/log": "~1.0",
                "symfony/event-dispatcher": "~2.1",
                "symfony/process": "~2.1"
            },
            "suggest": {
                "psr/log": "For using the console logger",
                "symfony/event-dispatcher": "",
                "symfony/process": ""
            },
            "type": "library",
            "extra": {
                "branch-alias": {
                    "dev-master": "2.7-dev"
                }
            },
            "autoload": {
                "psr-4": {
                    "Symfony\\Component\\Console\\": ""
                },
                "exclude-from-classmap": [
                    "/Tests/"
                ]
            },
            "notification-url": "https://packagist.org/downloads/",
            "license": [
                "MIT"
            ],
            "authors": [
                {
                    "name": "Fabien Potencier",
                    "email": "fabien@symfony.com"
                },
                {
                    "name": "Symfony Community",
                    "homepage": "https://symfony.com/contributors"
                }
            ],
            "description": "Symfony Console Component",
            "homepage": "https://symfony.com",
            "time": "2016-09-27 17:33:51"
        },
        {
            "name": "symfony/debug",
            "version": "v2.8.12",
            "source": {
                "type": "git",
                "url": "https://github.com/symfony/debug.git",
                "reference": "8c29235936a47473af16fb91c7c4b7b193c5693c"
            },
            "dist": {
                "type": "zip",
                "url": "https://api.github.com/repos/symfony/debug/zipball/8c29235936a47473af16fb91c7c4b7b193c5693c",
                "reference": "8c29235936a47473af16fb91c7c4b7b193c5693c",
                "shasum": ""
            },
            "require": {
                "php": ">=5.3.9",
                "psr/log": "~1.0"
            },
            "conflict": {
                "symfony/http-kernel": ">=2.3,<2.3.24|~2.4.0|>=2.5,<2.5.9|>=2.6,<2.6.2"
            },
            "require-dev": {
                "symfony/class-loader": "~2.2|~3.0.0",
                "symfony/http-kernel": "~2.3.24|~2.5.9|~2.6,>=2.6.2|~3.0.0"
            },
            "type": "library",
            "extra": {
                "branch-alias": {
                    "dev-master": "2.8-dev"
                }
            },
            "autoload": {
                "psr-4": {
                    "Symfony\\Component\\Debug\\": ""
                },
                "exclude-from-classmap": [
                    "/Tests/"
                ]
            },
            "notification-url": "https://packagist.org/downloads/",
            "license": [
                "MIT"
            ],
            "authors": [
                {
                    "name": "Fabien Potencier",
                    "email": "fabien@symfony.com"
                },
                {
                    "name": "Symfony Community",
                    "homepage": "https://symfony.com/contributors"
                }
            ],
            "description": "Symfony Debug Component",
            "homepage": "https://symfony.com",
            "time": "2016-09-06 10:55:00"
        },
        {
            "name": "symfony/finder",
            "version": "v2.7.19",
            "source": {
                "type": "git",
                "url": "https://github.com/symfony/finder.git",
                "reference": "be6a0cebb24ee147b21ce35952ed1b999cca3291"
            },
            "dist": {
                "type": "zip",
                "url": "https://api.github.com/repos/symfony/finder/zipball/be6a0cebb24ee147b21ce35952ed1b999cca3291",
                "reference": "be6a0cebb24ee147b21ce35952ed1b999cca3291",
                "shasum": ""
            },
            "require": {
                "php": ">=5.3.9"
            },
            "type": "library",
            "extra": {
                "branch-alias": {
                    "dev-master": "2.7-dev"
                }
            },
            "autoload": {
                "psr-4": {
                    "Symfony\\Component\\Finder\\": ""
                },
                "exclude-from-classmap": [
                    "/Tests/"
                ]
            },
            "notification-url": "https://packagist.org/downloads/",
            "license": [
                "MIT"
            ],
            "authors": [
                {
                    "name": "Fabien Potencier",
                    "email": "fabien@symfony.com"
                },
                {
                    "name": "Symfony Community",
                    "homepage": "https://symfony.com/contributors"
                }
            ],
            "description": "Symfony Finder Component",
            "homepage": "https://symfony.com",
            "time": "2016-09-16 16:53:37"
        },
        {
            "name": "symfony/process",
            "version": "v2.7.19",
            "source": {
                "type": "git",
                "url": "https://github.com/symfony/process.git",
                "reference": "e134ba500a16bead3a059a087b652182f4f85481"
            },
            "dist": {
                "type": "zip",
                "url": "https://api.github.com/repos/symfony/process/zipball/e134ba500a16bead3a059a087b652182f4f85481",
                "reference": "e134ba500a16bead3a059a087b652182f4f85481",
                "shasum": ""
            },
            "require": {
                "php": ">=5.3.9"
            },
            "type": "library",
            "extra": {
                "branch-alias": {
                    "dev-master": "2.7-dev"
                }
            },
            "autoload": {
                "psr-4": {
                    "Symfony\\Component\\Process\\": ""
                },
                "exclude-from-classmap": [
                    "/Tests/"
                ]
            },
            "notification-url": "https://packagist.org/downloads/",
            "license": [
                "MIT"
            ],
            "authors": [
                {
                    "name": "Fabien Potencier",
                    "email": "fabien@symfony.com"
                },
                {
                    "name": "Symfony Community",
                    "homepage": "https://symfony.com/contributors"
                }
            ],
            "description": "Symfony Process Component",
            "homepage": "https://symfony.com",
            "time": "2016-09-29 02:20:21"
        },
        {
            "name": "symfony/yaml",
            "version": "v2.7.19",
            "source": {
                "type": "git",
                "url": "https://github.com/symfony/yaml.git",
                "reference": "1a9d264853100c597649f0218bb3c08c7bb3cbe8"
            },
            "dist": {
                "type": "zip",
                "url": "https://api.github.com/repos/symfony/yaml/zipball/1a9d264853100c597649f0218bb3c08c7bb3cbe8",
                "reference": "1a9d264853100c597649f0218bb3c08c7bb3cbe8",
                "shasum": ""
            },
            "require": {
                "php": ">=5.3.9"
            },
            "type": "library",
            "extra": {
                "branch-alias": {
                    "dev-master": "2.7-dev"
                }
            },
            "autoload": {
                "psr-4": {
                    "Symfony\\Component\\Yaml\\": ""
                },
                "exclude-from-classmap": [
                    "/Tests/"
                ]
            },
            "notification-url": "https://packagist.org/downloads/",
            "license": [
                "MIT"
            ],
            "authors": [
                {
                    "name": "Fabien Potencier",
                    "email": "fabien@symfony.com"
                },
                {
                    "name": "Symfony Community",
                    "homepage": "https://symfony.com/contributors"
                }
            ],
            "description": "Symfony Yaml Component",
            "homepage": "https://symfony.com",
            "time": "2016-08-31 13:10:08"
        }
    ],
    "packages-dev": [],
    "aliases": [],
    "minimum-stability": "stable",
    "stability-flags": {
        "seld/jsonlint": 0
    },
    "prefer-stable": false,
    "prefer-lowest": false,
    "platform": {
        "php": ">=5.4"
    },
    "platform-dev": []
}
